
Microsoft Visual Studio Solution File, Format Version 12.00
# Visual Studio Version 16
VisualStudioVersion = 16.0.34301.259
MinimumVisualStudioVersion = 10.0.40219.1
Project("{FAE04EC0-301F-11D3-BF4B-00C04F79EFBC}") = "WebFinalProject", "WebFinalProject\WebFinalProject.csproj", "{CA52DC92-7972-4C46-852F-F5A23485D05A}"
EndProject
Global
	GlobalSection(SolutionConfigurationPlatforms) = preSolution
		Debug|Any CPU = Debug|Any CPU
		Release|Any CPU = Release|Any CPU
	EndGlobalSection
	GlobalSection(ProjectConfigurationPlatforms) = postSolution
		{CA52DC92-7972-4C46-852F-F5A23485D05A}.Debug|Any CPU.ActiveCfg = Debug|Any CPU
		{CA52DC92-7972-4C46-852F-F5A23485D05A}.Debug|Any CPU.Build.0 = Debug|Any CPU
		{CA52DC92-7972-4C46-852F-F5A23485D05A}.Release|Any CPU.ActiveCfg = Release|Any CPU
		{CA52DC92-7972-4C46-852F-F5A23485D05A}.Release|Any CPU.Build.0 = Release|Any CPU
	EndGlobalSection
	GlobalSection(SolutionProperties) = preSolution
		HideSolutionNode = FALSE
	EndGlobalSection
	GlobalSection(ExtensibilityGlobals) = postSolution
		SolutionGuid = {29531436-10D9-4B6E-9493-10841FD1DFD4}
	EndGlobalSection
EndGlobal
